
Microsoft Visual Studio Solution File, Format Version 12.00
# Visual Studio Version 16
VisualStudioVersion = 16.0.28803.202
MinimumVisualStudioVersion = 10.0.40219.1
Project("{2150E333-8FDC-42A3-9474-1A3956D46DE8}") = "Repository", "Repository", "{5B071073-CD31-4C1E-8302-093E54C39B73}"
EndProject
Project("{2150E333-8FDC-42A3-9474-1A3956D46DE8}") = "Service", "Service", "{45190F95-362D-468C-8D7B-DF1475D42751}"
EndProject
Project("{2150E333-8FDC-42A3-9474-1A3956D46DE8}") = "Entity", "Entity", "{196FEDF7-CDB3-41FF-B5FF-39AF509C1621}"
EndProject
Project("{2150E333-8FDC-42A3-9474-1A3956D46DE8}") = "API", "API", "{CC672371-A70E-490C-A223-6D211AE5F44E}"
EndProject
Project("{9A19103F-16F7-4668-BE54-9A1E7A4F7556}") = "OSeage.QTI.Entity", "Entity\OSeage.QTI.Entity\OSeage.QTI.Entity.csproj", "{F71A2FC7-3A2B-465C-B373-E068EBF46675}"
EndProject
Project("{9A19103F-16F7-4668-BE54-9A1E7A4F7556}") = "OSeage.QTI.Repository", "Repository\OSeage.QTI.Repository\OSeage.QTI.Repository.csproj", "{DCE07DC5-86B5-4C15-AB7D-AC840CA2361A}"
EndProject
Project("{9A19103F-16F7-4668-BE54-9A1E7A4F7556}") = "OSeage.QTI.Service", "Service\OSeage.QTI.Service\OSeage.QTI.Service.csproj", "{FBE8D716-76B8-48AE-95EE-FE627C18B732}"
EndProject
Project("{9A19103F-16F7-4668-BE54-9A1E7A4F7556}") = "OSeage.XTKJ.API.Message", "API\OSeage.XTKJ.API.Message\OSeage.XTKJ.API.Message.csproj", "{A3754A5D-D077-4B15-BB0B-5607D949E8CE}"
EndProject
Project("{9A19103F-16F7-4668-BE54-9A1E7A4F7556}") = "OSeage.LMS.COM.Entity", "Entity\OSeage.LMS.COM.Entity\OSeage.LMS.COM.Entity.csproj", "{9C21230B-BDC7-4EF0-BE84-1210D28BEEAB}"
EndProject
Project("{9A19103F-16F7-4668-BE54-9A1E7A4F7556}") = "OSeage.LMS.COM.Repository", "Repository\OSeage.LMS.COM.Repository\OSeage.LMS.COM.Repository.csproj", "{2F633689-E247-4959-AB36-259B6919980B}"
EndProject
Project("{9A19103F-16F7-4668-BE54-9A1E7A4F7556}") = "OSeage.LMS.COM.Service", "Service\OSeage.LMS.COM.Service\OSeage.LMS.COM.Service.csproj", "{65CAA7AC-26D9-46B5-B485-AE1A024CB7FD}"
EndProject
Project("{9A19103F-16F7-4668-BE54-9A1E7A4F7556}") = "OSeage.LMS.ERSCP.Entity", "Entity\OSeage.LMS.ERSCP.Entity\OSeage.LMS.ERSCP.Entity.csproj", "{E4D15ED9-7CEF-405E-8049-5174BE3B2E78}"
EndProject
Project("{9A19103F-16F7-4668-BE54-9A1E7A4F7556}") = "OSeage.LMS.ERSCP.Repository", "Repository\OSeage.LMS.ERSCP.Repository\OSeage.LMS.ERSCP.Repository.csproj", "{92CD1A98-05B4-407D-9C11-FE802BDE78FB}"
EndProject
Project("{9A19103F-16F7-4668-BE54-9A1E7A4F7556}") = "OSeage.LMS.ERSCP.Service", "Service\OSeage.LMS.ERSCP.Service\OSeage.LMS.ERSCP.Service.csproj", "{840DE56A-7C68-4544-98E6-9CB0F2EF0A00}"
EndProject
Project("{9A19103F-16F7-4668-BE54-9A1E7A4F7556}") = "OSeage.XTKJ.API", "API\OSeage.XTKJ.API\OSeage.XTKJ.API.csproj", "{DA3B01CE-3179-43E5-8CE6-246A5261EA1B}"
EndProject
Project("{2150E333-8FDC-42A3-9474-1A3956D46DE8}") = "BusinessFacade", "BusinessFacade", "{D40811DF-0722-481F-BFE5-F6782463DF98}"
EndProject
Project("{9A19103F-16F7-4668-BE54-9A1E7A4F7556}") = "OSeage.QTI.BusinessFacade", "BusinessFacade\OSeage.QTI.BusinessFacade\OSeage.QTI.BusinessFacade.csproj", "{CA3EF6FB-FFC6-4D1B-9AA5-23DE0AA33F76}"
EndProject
Project("{9A19103F-16F7-4668-BE54-9A1E7A4F7556}") = "Oseage.Common.Tools", "Oseage.Common.Tools\Oseage.Common.Tools.csproj", "{C70140CA-48D0-45EE-819B-FDB78CA45F97}"
EndProject
Project("{2150E333-8FDC-42A3-9474-1A3956D46DE8}") = "UnitTest", "UnitTest", "{DA0FD97A-F7E0-4D1E-8A14-C34C2B7DD344}"
EndProject
Project("{FAE04EC0-301F-11D3-BF4B-00C04F79EFBC}") = "Oseage.XTKJ.FastApiService", "API\Oseage.XTKJ.FastApiService\Oseage.XTKJ.FastApiService.csproj", "{1725DA8C-E64F-4E06-85CF-7C065402A70E}"
EndProject
Project("{9A19103F-16F7-4668-BE54-9A1E7A4F7556}") = "OSeage.QTI.BusinessFacade.Test", "UnitTest\OSeage.QTI.BusinessFacade.Test\OSeage.QTI.BusinessFacade.Test.csproj", "{926F58F3-98AF-4639-BDD8-593D087938AF}"
EndProject
Project("{9A19103F-16F7-4668-BE54-9A1E7A4F7556}") = "Oseage.XTKJ.FastApiService.Client", "UnitTest\Oseage.XTKJ.FastApiService.Client\Oseage.XTKJ.FastApiService.Client.csproj", "{AE3FB7BA-E2A6-4E0B-93C2-C3EB038310EB}"
EndProject
Global
	GlobalSection(SolutionConfigurationPlatforms) = preSolution
		Debug|Any CPU = Debug|Any CPU
		Release|Any CPU = Release|Any CPU
	EndGlobalSection
	GlobalSection(ProjectConfigurationPlatforms) = postSolution
		{F71A2FC7-3A2B-465C-B373-E068EBF46675}.Debug|Any CPU.ActiveCfg = Debug|Any CPU
		{F71A2FC7-3A2B-465C-B373-E068EBF46675}.Debug|Any CPU.Build.0 = Debug|Any CPU
		{F71A2FC7-3A2B-465C-B373-E068EBF46675}.Release|Any CPU.ActiveCfg = Release|Any CPU
		{F71A2FC7-3A2B-465C-B373-E068EBF46675}.Release|Any CPU.Build.0 = Release|Any CPU
		{DCE07DC5-86B5-4C15-AB7D-AC840CA2361A}.Debug|Any CPU.ActiveCfg = Debug|Any CPU
		{DCE07DC5-86B5-4C15-AB7D-AC840CA2361A}.Debug|Any CPU.Build.0 = Debug|Any CPU
		{DCE07DC5-86B5-4C15-AB7D-AC840CA2361A}.Release|Any CPU.ActiveCfg = Release|Any CPU
		{DCE07DC5-86B5-4C15-AB7D-AC840CA2361A}.Release|Any CPU.Build.0 = Release|Any CPU
		{FBE8D716-76B8-48AE-95EE-FE627C18B732}.Debug|Any CPU.ActiveCfg = Debug|Any CPU
		{FBE8D716-76B8-48AE-95EE-FE627C18B732}.Debug|Any CPU.Build.0 = Debug|Any CPU
		{FBE8D716-76B8-48AE-95EE-FE627C18B732}.Release|Any CPU.ActiveCfg = Release|Any CPU
		{FBE8D716-76B8-48AE-95EE-FE627C18B732}.Release|Any CPU.Build.0 = Release|Any CPU
		{A3754A5D-D077-4B15-BB0B-5607D949E8CE}.Debug|Any CPU.ActiveCfg = Debug|Any CPU
		{A3754A5D-D077-4B15-BB0B-5607D949E8CE}.Debug|Any CPU.Build.0 = Debug|Any CPU
		{A3754A5D-D077-4B15-BB0B-5607D949E8CE}.Release|Any CPU.ActiveCfg = Release|Any CPU
		{A3754A5D-D077-4B15-BB0B-5607D949E8CE}.Release|Any CPU.Build.0 = Release|Any CPU
		{9C21230B-BDC7-4EF0-BE84-1210D28BEEAB}.Debug|Any CPU.ActiveCfg = Debug|Any CPU
		{9C21230B-BDC7-4EF0-BE84-1210D28BEEAB}.Debug|Any CPU.Build.0 = Debug|Any CPU
		{9C21230B-BDC7-4EF0-BE84-1210D28BEEAB}.Release|Any CPU.ActiveCfg = Release|Any CPU
		{9C21230B-BDC7-4EF0-BE84-1210D28BEEAB}.Release|Any CPU.Build.0 = Release|Any CPU
		{2F633689-E247-4959-AB36-259B6919980B}.Debug|Any CPU.ActiveCfg = Debug|Any CPU
		{2F633689-E247-4959-AB36-259B6919980B}.Debug|Any CPU.Build.0 = Debug|Any CPU
		{2F633689-E247-4959-AB36-259B6919980B}.Release|Any CPU.ActiveCfg = Release|Any CPU
		{2F633689-E247-4959-AB36-259B6919980B}.Release|Any CPU.Build.0 = Release|Any CPU
		{65CAA7AC-26D9-46B5-B485-AE1A024CB7FD}.Debug|Any CPU.ActiveCfg = Debug|Any CPU
		{65CAA7AC-26D9-46B5-B485-AE1A024CB7FD}.Debug|Any CPU.Build.0 = Debug|Any CPU
		{65CAA7AC-26D9-46B5-B485-AE1A024CB7FD}.Release|Any CPU.ActiveCfg = Release|Any CPU
		{65CAA7AC-26D9-46B5-B485-AE1A024CB7FD}.Release|Any CPU.Build.0 = Release|Any CPU
		{E4D15ED9-7CEF-405E-8049-5174BE3B2E78}.Debug|Any CPU.ActiveCfg = Debug|Any CPU
		{E4D15ED9-7CEF-405E-8049-5174BE3B2E78}.Debug|Any CPU.Build.0 = Debug|Any CPU
		{E4D15ED9-7CEF-405E-8049-5174BE3B2E78}.Release|Any CPU.ActiveCfg = Release|Any CPU
		{E4D15ED9-7CEF-405E-8049-5174BE3B2E78}.Release|Any CPU.Build.0 = Release|Any CPU
		{92CD1A98-05B4-407D-9C11-FE802BDE78FB}.Debug|Any CPU.ActiveCfg = Debug|Any CPU
		{92CD1A98-05B4-407D-9C11-FE802BDE78FB}.Debug|Any CPU.Build.0 = Debug|Any CPU
		{92CD1A98-05B4-407D-9C11-FE802BDE78FB}.Release|Any CPU.ActiveCfg = Release|Any CPU
		{92CD1A98-05B4-407D-9C11-FE802BDE78FB}.Release|Any CPU.Build.0 = Release|Any CPU
		{840DE56A-7C68-4544-98E6-9CB0F2EF0A00}.Debug|Any CPU.ActiveCfg = Debug|Any CPU
		{840DE56A-7C68-4544-98E6-9CB0F2EF0A00}.Debug|Any CPU.Build.0 = Debug|Any CPU
		{840DE56A-7C68-4544-98E6-9CB0F2EF0A00}.Release|Any CPU.ActiveCfg = Release|Any CPU
		{840DE56A-7C68-4544-98E6-9CB0F2EF0A00}.Release|Any CPU.Build.0 = Release|Any CPU
		{DA3B01CE-3179-43E5-8CE6-246A5261EA1B}.Debug|Any CPU.ActiveCfg = Debug|Any CPU
		{DA3B01CE-3179-43E5-8CE6-246A5261EA1B}.Debug|Any CPU.Build.0 = Debug|Any CPU
		{DA3B01CE-3179-43E5-8CE6-246A5261EA1B}.Release|Any CPU.ActiveCfg = Release|Any CPU
		{DA3B01CE-3179-43E5-8CE6-246A5261EA1B}.Release|Any CPU.Build.0 = Release|Any CPU
		{CA3EF6FB-FFC6-4D1B-9AA5-23DE0AA33F76}.Debug|Any CPU.ActiveCfg = Debug|Any CPU
		{CA3EF6FB-FFC6-4D1B-9AA5-23DE0AA33F76}.Debug|Any CPU.Build.0 = Debug|Any CPU
		{CA3EF6FB-FFC6-4D1B-9AA5-23DE0AA33F76}.Release|Any CPU.ActiveCfg = Release|Any CPU
		{CA3EF6FB-FFC6-4D1B-9AA5-23DE0AA33F76}.Release|Any CPU.Build.0 = Release|Any CPU
		{C70140CA-48D0-45EE-819B-FDB78CA45F97}.Debug|Any CPU.ActiveCfg = Debug|Any CPU
		{C70140CA-48D0-45EE-819B-FDB78CA45F97}.Debug|Any CPU.Build.0 = Debug|Any CPU
		{C70140CA-48D0-45EE-819B-FDB78CA45F97}.Release|Any CPU.ActiveCfg = Release|Any CPU
		{C70140CA-48D0-45EE-819B-FDB78CA45F97}.Release|Any CPU.Build.0 = Release|Any CPU
		{1725DA8C-E64F-4E06-85CF-7C065402A70E}.Debug|Any CPU.ActiveCfg = Debug|Any CPU
		{1725DA8C-E64F-4E06-85CF-7C065402A70E}.Debug|Any CPU.Build.0 = Debug|Any CPU
		{1725DA8C-E64F-4E06-85CF-7C065402A70E}.Release|Any CPU.ActiveCfg = Release|Any CPU
		{1725DA8C-E64F-4E06-85CF-7C065402A70E}.Release|Any CPU.Build.0 = Release|Any CPU
		{926F58F3-98AF-4639-BDD8-593D087938AF}.Debug|Any CPU.ActiveCfg = Debug|Any CPU
		{926F58F3-98AF-4639-BDD8-593D087938AF}.Debug|Any CPU.Build.0 = Debug|Any CPU
		{926F58F3-98AF-4639-BDD8-593D087938AF}.Release|Any CPU.ActiveCfg = Release|Any CPU
		{926F58F3-98AF-4639-BDD8-593D087938AF}.Release|Any CPU.Build.0 = Release|Any CPU
		{AE3FB7BA-E2A6-4E0B-93C2-C3EB038310EB}.Debug|Any CPU.ActiveCfg = Debug|Any CPU
		{AE3FB7BA-E2A6-4E0B-93C2-C3EB038310EB}.Debug|Any CPU.Build.0 = Debug|Any CPU
		{AE3FB7BA-E2A6-4E0B-93C2-C3EB038310EB}.Release|Any CPU.ActiveCfg = Release|Any CPU
		{AE3FB7BA-E2A6-4E0B-93C2-C3EB038310EB}.Release|Any CPU.Build.0 = Release|Any CPU
	EndGlobalSection
	GlobalSection(SolutionProperties) = preSolution
		HideSolutionNode = FALSE
	EndGlobalSection
	GlobalSection(NestedProjects) = preSolution
		{F71A2FC7-3A2B-465C-B373-E068EBF46675} = {196FEDF7-CDB3-41FF-B5FF-39AF509C1621}
		{DCE07DC5-86B5-4C15-AB7D-AC840CA2361A} = {5B071073-CD31-4C1E-8302-093E54C39B73}
		{FBE8D716-76B8-48AE-95EE-FE627C18B732} = {45190F95-362D-468C-8D7B-DF1475D42751}
		{A3754A5D-D077-4B15-BB0B-5607D949E8CE} = {CC672371-A70E-490C-A223-6D211AE5F44E}
		{9C21230B-BDC7-4EF0-BE84-1210D28BEEAB} = {196FEDF7-CDB3-41FF-B5FF-39AF509C1621}
		{2F633689-E247-4959-AB36-259B6919980B} = {5B071073-CD31-4C1E-8302-093E54C39B73}
		{65CAA7AC-26D9-46B5-B485-AE1A024CB7FD} = {45190F95-362D-468C-8D7B-DF1475D42751}
		{E4D15ED9-7CEF-405E-8049-5174BE3B2E78} = {196FEDF7-CDB3-41FF-B5FF-39AF509C1621}
		{92CD1A98-05B4-407D-9C11-FE802BDE78FB} = {5B071073-CD31-4C1E-8302-093E54C39B73}
		{840DE56A-7C68-4544-98E6-9CB0F2EF0A00} = {45190F95-362D-468C-8D7B-DF1475D42751}
		{DA3B01CE-3179-43E5-8CE6-246A5261EA1B} = {CC672371-A70E-490C-A223-6D211AE5F44E}
		{CA3EF6FB-FFC6-4D1B-9AA5-23DE0AA33F76} = {D40811DF-0722-481F-BFE5-F6782463DF98}
		{1725DA8C-E64F-4E06-85CF-7C065402A70E} = {CC672371-A70E-490C-A223-6D211AE5F44E}
		{926F58F3-98AF-4639-BDD8-593D087938AF} = {DA0FD97A-F7E0-4D1E-8A14-C34C2B7DD344}
		{AE3FB7BA-E2A6-4E0B-93C2-C3EB038310EB} = {DA0FD97A-F7E0-4D1E-8A14-C34C2B7DD344}
	EndGlobalSection
	GlobalSection(ExtensibilityGlobals) = postSolution
		SolutionGuid = {2D4650AD-F35B-40EC-8A4E-8016D1F8FEA7}
	EndGlobalSection
EndGlobal
